
Microsoft Visual Studio Solution File, Format Version 12.00
# Visual Studio Version 17
VisualStudioVersion = 17.4.33213.308
MinimumVisualStudioVersion = 10.0.40219.1
Project("{FAE04EC0-301F-11D3-BF4B-00C04F79EFBC}") = "Translator", "Translator.csproj", "{A8C228FC-7A8C-4676-B8E8-43B494D0B015}"
EndProject
Global
	GlobalSection(SolutionConfigurationPlatforms) = preSolution
		Debug|Any CPU = Debug|Any CPU
		Release|Any CPU = Release|Any CPU
	EndGlobalSection
	GlobalSection(ProjectConfigurationPlatforms) = postSolution
		{A8C228FC-7A8C-4676-B8E8-43B494D0B015}.Debug|Any CPU.ActiveCfg = Debug|Any CPU
		{A8C228FC-7A8C-4676-B8E8-43B494D0B015}.Debug|Any CPU.Build.0 = Debug|Any CPU
		{A8C228FC-7A8C-4676-B8E8-43B494D0B015}.Release|Any CPU.ActiveCfg = Release|Any CPU
		{A8C228FC-7A8C-4676-B8E8-43B494D0B015}.Release|Any CPU.Build.0 = Release|Any CPU
	EndGlobalSection
	GlobalSection(SolutionProperties) = preSolution
		HideSolutionNode = FALSE
	EndGlobalSection
	GlobalSection(ExtensibilityGlobals) = postSolution
		SolutionGuid = {8F7EE7AB-E7A6-4F28-80AA-D3B4E5B9125C}
	EndGlobalSection
EndGlobal
